
Microsoft Visual Studio Solution File, Format Version 12.00
# Visual Studio 14
VisualStudioVersion = 14.0.25420.1
MinimumVisualStudioVersion = 10.0.40219.1
Project("{2150E333-8FDC-42A3-9474-1A3956D46DE8}") = "src", "src", "{70988BBB-84E6-4E1C-BFF6-F88BDD444D62}"
EndProject
Project("{2150E333-8FDC-42A3-9474-1A3956D46DE8}") = "Solution Items", "Solution Items", "{29FA776A-99E0-4A19-B6D0-94A90F91C9C0}"
	ProjectSection(SolutionItems) = preProject
		global.json = global.json
	EndProjectSection
EndProject
Project("{8BB2217D-0F2D-49D1-97BC-3654ED321F3B}") = "FoodRouletteIdentityServer", "src\FoodRouletteIdentityServer\FoodRouletteIdentityServer.xproj", "{55DEB30A-1860-4440-BCA4-F0D4CEAEF8E1}"
EndProject
Global
	GlobalSection(SolutionConfigurationPlatforms) = preSolution
		Debug|Any CPU = Debug|Any CPU
		Release|Any CPU = Release|Any CPU
	EndGlobalSection
	GlobalSection(ProjectConfigurationPlatforms) = postSolution
		{55DEB30A-1860-4440-BCA4-F0D4CEAEF8E1}.Debug|Any CPU.ActiveCfg = Debug|Any CPU
		{55DEB30A-1860-4440-BCA4-F0D4CEAEF8E1}.Debug|Any CPU.Build.0 = Debug|Any CPU
		{55DEB30A-1860-4440-BCA4-F0D4CEAEF8E1}.Release|Any CPU.ActiveCfg = Release|Any CPU
		{55DEB30A-1860-4440-BCA4-F0D4CEAEF8E1}.Release|Any CPU.Build.0 = Release|Any CPU
	EndGlobalSection
	GlobalSection(SolutionProperties) = preSolution
		HideSolutionNode = FALSE
	EndGlobalSection
	GlobalSection(NestedProjects) = preSolution
		{55DEB30A-1860-4440-BCA4-F0D4CEAEF8E1} = {70988BBB-84E6-4E1C-BFF6-F88BDD444D62}
	EndGlobalSection
EndGlobal
